
Microsoft Visual Studio Solution File, Format Version 12.00
# Visual Studio Version 17
VisualStudioVersion = 17.2.32630.192
MinimumVisualStudioVersion = 10.0.40219.1
Project("{FAE04EC0-301F-11D3-BF4B-00C04F79EFBC}") = "hacker_rank2", "hacker_rank2.csproj", "{FCCAA993-0D89-4C79-81FA-ABFF4975C4AA}"
EndProject
Global
	GlobalSection(SolutionConfigurationPlatforms) = preSolution
		Debug|Any CPU = Debug|Any CPU
		Release|Any CPU = Release|Any CPU
	EndGlobalSection
	GlobalSection(ProjectConfigurationPlatforms) = postSolution
		{FCCAA993-0D89-4C79-81FA-ABFF4975C4AA}.Debug|Any CPU.ActiveCfg = Debug|Any CPU
		{FCCAA993-0D89-4C79-81FA-ABFF4975C4AA}.Debug|Any CPU.Build.0 = Debug|Any CPU
		{FCCAA993-0D89-4C79-81FA-ABFF4975C4AA}.Release|Any CPU.ActiveCfg = Release|Any CPU
		{FCCAA993-0D89-4C79-81FA-ABFF4975C4AA}.Release|Any CPU.Build.0 = Release|Any CPU
	EndGlobalSection
	GlobalSection(SolutionProperties) = preSolution
		HideSolutionNode = FALSE
	EndGlobalSection
	GlobalSection(ExtensibilityGlobals) = postSolution
		SolutionGuid = {6316EC62-50B6-46A0-A752-8D932B332D26}
	EndGlobalSection
EndGlobal
